// !$*UTF8*$!
{
	archiveVersion = 1;
	classes = {
	};
	objectVersion = 46;
	objects = {

/* Begin PBXBuildFile section */
		10F64CA41BE006C3004BFEB7 /* AppDelegate.swift in Sources */ = {isa = PBXBuildFile; fileRef = 10F64CA31BE006C3004BFEB7 /* AppDelegate.swift */; };
		10F64CA61BE006C3004BFEB7 /* ViewController.swift in Sources */ = {isa = PBXBuildFile; fileRef = 10F64CA51BE006C3004BFEB7 /* ViewController.swift */; };
		10F64CA91BE006C3004BFEB7 /* Main.storyboard in Resources */ = {isa = PBXBuildFile; fileRef = 10F64CA71BE006C3004BFEB7 /* Main.storyboard */; };
		10F64CAC1BE006C3004BFEB7 /* UseMDKitsApp.xcdatamodeld in Sources */ = {isa = PBXBuildFile; fileRef = 10F64CAA1BE006C3004BFEB7 /* UseMDKitsApp.xcdatamodeld */; };
		10F64CAE1BE006C3004BFEB7 /* Assets.xcassets in Resources */ = {isa = PBXBuildFile; fileRef = 10F64CAD1BE006C3004BFEB7 /* Assets.xcassets */; };
		10F64CB11BE006C3004BFEB7 /* LaunchScreen.storyboard in Resources */ = {isa = PBXBuildFile; fileRef = 10F64CAF1BE006C3004BFEB7 /* LaunchScreen.storyboard */; };
		10F64CBC1BE006C3004BFEB7 /* UseMDKitsAppTests.swift in Sources */ = {isa = PBXBuildFile; fileRef = 10F64CBB1BE006C3004BFEB7 /* UseMDKitsAppTests.swift */; };
		10F64CC71BE006C3004BFEB7 /* UseMDKitsAppUITests.swift in Sources */ = {isa = PBXBuildFile; fileRef = 10F64CC61BE006C3004BFEB7 /* UseMDKitsAppUITests.swift */; };
		10F64CDE1BE00818004BFEB7 /* MDKits.framework in Frameworks */ = {isa = PBXBuildFile; fileRef = 10F64CDC1BE0080E004BFEB7 /* MDKits.framework */; };
		10F64CDF1BE00818004BFEB7 /* MDKits.framework in Embed Frameworks */ = {isa = PBXBuildFile; fileRef = 10F64CDC1BE0080E004BFEB7 /* MDKits.framework */; settings = {ATTRIBUTES = (CodeSignOnCopy, RemoveHeadersOnCopy, ); }; };
/* End PBXBuildFile section */

/* Begin PBXContainerItemProxy section */
		10F64CB81BE006C3004BFEB7 /* PBXContainerItemProxy */ = {
			isa = PBXContainerItemProxy;
			containerPortal = 10F64C981BE006C3004BFEB7 /* Project object */;
			proxyType = 1;
			remoteGlobalIDString = 10F64C9F1BE006C3004BFEB7;
			remoteInfo = UseMDKitsApp;
		};
		10F64CC31BE006C3004BFEB7 /* PBXContainerItemProxy */ = {
			isa = PBXContainerItemProxy;
			containerPortal = 10F64C981BE006C3004BFEB7 /* Project object */;
			proxyType = 1;
			remoteGlobalIDString = 10F64C9F1BE006C3004BFEB7;
			remoteInfo = UseMDKitsApp;
		};
/* End PBXContainerItemProxy section */

/* Begin PBXCopyFilesBuildPhase section */
		10F64CDB1BE007C7004BFEB7 /* Embed Frameworks */ = {
			isa = PBXCopyFilesBuildPhase;
			buildActionMask = 2147483647;
			dstPath = "";
			dstSubfolderSpec = 10;
			files = (
				10F64CDF1BE00818004BFEB7 /* MDKits.framework in Embed Frameworks */,
			);
			name = "Embed Frameworks";
			runOnlyForDeploymentPostprocessing = 0;
		};
/* End PBXCopyFilesBuildPhase section */

/* Begin PBXFileReference section */
		10F64CA01BE006C3004BFEB7 /* UseMDKitsApp.app */ = {isa = PBXFileReference; explicitFileType = wrapper.application; includeInIndex = 0; path = UseMDKitsApp.app; sourceTree = BUILT_PRODUCTS_DIR; };
		10F64CA31BE006C3004BFEB7 /* AppDelegate.swift */ = {isa = PBXFileReference; lastKnownFileType = sourcecode.swift; path = AppDelegate.swift; sourceTree = "<group>"; };
		10F64CA51BE006C3004BFEB7 /* ViewController.swift */ = {isa = PBXFileReference; lastKnownFileType = sourcecode.swift; path = ViewController.swift; sourceTree = "<group>"; };
		10F64CA81BE006C3004BFEB7 /* Base */ = {isa = PBXFileReference; lastKnownFileType = file.storyboard; name = Base; path = Base.lproj/Main.storyboard; sourceTree = "<group>"; };
		10F64CAB1BE006C3004BFEB7 /* UseMDKitsApp.xcdatamodel */ = {isa = PBXFileReference; lastKnownFileType = wrapper.xcdatamodel; path = UseMDKitsApp.xcdatamodel; sourceTree = "<group>"; };
		10F64CAD1BE006C3004BFEB7 /* Assets.xcassets */ = {isa = PBXFileReference; lastKnownFileType = folder.assetcatalog; path = Assets.xcassets; sourceTree = "<group>"; };
		10F64CB01BE006C3004BFEB7 /* Base */ = {isa = PBXFileReference; lastKnownFileType = file.storyboard; name = Base; path = Base.lproj/LaunchScreen.storyboard; sourceTree = "<group>"; };
		10F64CB21BE006C3004BFEB7 /* Info.plist */ = {isa = PBXFileReference; lastKnownFileType = text.plist.xml; path = Info.plist; sourceTree = "<group>"; };
		10F64CB71BE006C3004BFEB7 /* UseMDKitsAppTests.xctest */ = {isa = PBXFileReference; explicitFileType = wrapper.cfbundle; includeInIndex = 0; path = UseMDKitsAppTests.xctest; sourceTree = BUILT_PRODUCTS_DIR; };
		10F64CBB1BE006C3004BFEB7 /* UseMDKitsAppTests.swift */ = {isa = PBXFileReference; lastKnownFileType = sourcecode.swift; path = UseMDKitsAppTests.swift; sourceTree = "<group>"; };
		10F64CBD1BE006C3004BFEB7 /* Info.plist */ = {isa = PBXFileReference; lastKnownFileType = text.plist.xml; path = Info.plist; sourceTree = "<group>"; };
		10F64CC21BE006C3004BFEB7 /* UseMDKitsAppUITests.xctest */ = {isa = PBXFileReference; explicitFileType = wrapper.cfbundle; includeInIndex = 0; path = UseMDKitsAppUITests.xctest; sourceTree = BUILT_PRODUCTS_DIR; };
		10F64CC61BE006C3004BFEB7 /* UseMDKitsAppUITests.swift */ = {isa = PBXFileReference; lastKnownFileType = sourcecode.swift; path = UseMDKitsAppUITests.swift; sourceTree = "<group>"; };
		10F64CC81BE006C3004BFEB7 /* Info.plist */ = {isa = PBXFileReference; lastKnownFileType = text.plist.xml; path = Info.plist; sourceTree = "<group>"; };
		10F64CDC1BE0080E004BFEB7 /* MDKits.framework */ = {isa = PBXFileReference; lastKnownFileType = wrapper.framework; name = MDKits.framework; path = UseMDKitsApp/MDKits.framework; sourceTree = "<group>"; };
/* End PBXFileReference section */

/* Begin PBXFrameworksBuildPhase section */
		10F64C9D1BE006C3004BFEB7 /* Frameworks */ = {
			isa = PBXFrameworksBuildPhase;
			buildActionMask = 2147483647;
			files = (
				10F64CDE1BE00818004BFEB7 /* MDKits.framework in Frameworks */,
			);
			runOnlyForDeploymentPostprocessing = 0;
		};
		10F64CB41BE006C3004BFEB7 /* Frameworks */ = {
			isa = PBXFrameworksBuildPhase;
			buildActionMask = 2147483647;
			files = (
			);
			runOnlyForDeploymentPostprocessing = 0;
		};
		10F64CBF1BE006C3004BFEB7 /* Frameworks */ = {
			isa = PBXFrameworksBuildPhase;
			buildActionMask = 2147483647;
			files = (
			);
			runOnlyForDeploymentPostprocessing = 0;
		};
/* End PBXFrameworksBuildPhase section */

/* Begin PBXGroup section */
		10F64C971BE006C3004BFEB7 = {
			isa = PBXGroup;
			children = (
				10F64CA21BE006C3004BFEB7 /* UseMDKitsApp */,
				10F64CBA1BE006C3004BFEB7 /* UseMDKitsAppTests */,
				10F64CC51BE006C3004BFEB7 /* UseMDKitsAppUITests */,
				10F64CA11BE006C3004BFEB7 /* Products */,
				10F64CDC1BE0080E004BFEB7 /* MDKits.framework */,
			);
			sourceTree = "<group>";
		};
		10F64CA11BE006C3004BFEB7 /* Products */ = {
			isa = PBXGroup;
			children = (
				10F64CA01BE006C3004BFEB7 /* UseMDKitsApp.app */,
				10F64CB71BE006C3004BFEB7 /* UseMDKitsAppTests.xctest */,
				10F64CC21BE006C3004BFEB7 /* UseMDKitsAppUITests.xctest */,
			);
			name = Products;
			sourceTree = "<group>";
		};
		10F64CA21BE006C3004BFEB7 /* UseMDKitsApp */ = {
			isa = PBXGroup;
			children = (
				10F64CA31BE006C3004BFEB7 /* AppDelegate.swift */,
				10F64CA51BE006C3004BFEB7 /* ViewController.swift */,
				10F64CA71BE006C3004BFEB7 /* Main.storyboard */,
				10F64CAD1BE006C3004BFEB7 /* Assets.xcassets */,
				10F64CAF1BE006C3004BFEB7 /* LaunchScreen.storyboard */,
				10F64CB21BE006C3004BFEB7 /* Info.plist */,
				10F64CAA1BE006C3004BFEB7 /* UseMDKitsApp.xcdatamodeld */,
			);
			path = UseMDKitsApp;
			sourceTree = "<group>";
		};
		10F64CBA1BE006C3004BFEB7 /* UseMDKitsAppTests */ = {
			isa = PBXGroup;
			children = (
				10F64CBB1BE006C3004BFEB7 /* UseMDKitsAppTests.swift */,
				10F64CBD1BE006C3004BFEB7 /* Info.plist */,
			);
			path = UseMDKitsAppTests;
			sourceTree = "<group>";
		};
		10F64CC51BE006C3004BFEB7 /* UseMDKitsAppUITests */ = {
			isa = PBXGroup;
			children = (
				10F64CC61BE006C3004BFEB7 /* UseMDKitsAppUITests.swift */,
				10F64CC81BE006C3004BFEB7 /* Info.plist */,
			);
			path = UseMDKitsAppUITests;
			sourceTree = "<group>";
		};
/* End PBXGroup section */

/* Begin PBXNativeTarget section */
		10F64C9F1BE006C3004BFEB7 /* UseMDKitsApp */ = {
			isa = PBXNativeTarget;
			buildConfigurationList = 10F64CCB1BE006C3004BFEB7 /* Build configuration list for PBXNativeTarget "UseMDKitsApp" */;
			buildPhases = (
				10F64C9C1BE006C3004BFEB7 /* Sources */,
				10F64C9D1BE006C3004BFEB7 /* Frameworks */,
				10F64C9E1BE006C3004BFEB7 /* Resources */,
				10F64CDB1BE007C7004BFEB7 /* Embed Frameworks */,
			);
			buildRules = (
			);
			dependencies = (
			);
			name = UseMDKitsApp;
			productName = UseMDKitsApp;
			productReference = 10F64CA01BE006C3004BFEB7 /* UseMDKitsApp.app */;
			productType = "com.apple.product-type.application";
		};
		10F64CB61BE006C3004BFEB7 /* UseMDKitsAppTests */ = {
			isa = PBXNativeTarget;
			buildConfigurationList = 10F64CCE1BE006C3004BFEB7 /* Build configuration list for PBXNativeTarget "UseMDKitsAppTests" */;
			buildPhases = (
				10F64CB31BE006C3004BFEB7 /* Sources */,
				10F64CB41BE006C3004BFEB7 /* Frameworks */,
				10F64CB51BE006C3004BFEB7 /* Resources */,
			);
			buildRules = (
			);
			dependencies = (
				10F64CB91BE006C3004BFEB7 /* PBXTargetDependency */,
			);
			name = UseMDKitsAppTests;
			productName = UseMDKitsAppTests;
			productReference = 10F64CB71BE006C3004BFEB7 /* UseMDKitsAppTests.xctest */;
			productType = "com.apple.product-type.bundle.unit-test";
		};
		10F64CC11BE006C3004BFEB7 /* UseMDKitsAppUITests */ = {
			isa = PBXNativeTarget;
			buildConfigurationList = 10F64CD11BE006C3004BFEB7 /* Build configuration list for PBXNativeTarget "UseMDKitsAppUITests" */;
			buildPhases = (
				10F64CBE1BE006C3004BFEB7 /* Sources */,
				10F64CBF1BE006C3004BFEB7 /* Frameworks */,
				10F64CC01BE006C3004BFEB7 /* Resources */,
			);
			buildRules = (
			);
			dependencies = (
				10F64CC41BE006C3004BFEB7 /* PBXTargetDependency */,
			);
			name = UseMDKitsAppUITests;
			productName = UseMDKitsAppUITests;
			productReference = 10F64CC21BE006C3004BFEB7 /* UseMDKitsAppUITests.xctest */;
			productType = "com.apple.product-type.bundle.ui-testing";
		};
/* End PBXNativeTarget section */

/* Begin PBXProject section */
		10F64C981BE006C3004BFEB7 /* Project object */ = {
			isa = PBXProject;
			attributes = {
				LastSwiftUpdateCheck = 0710;
				LastUpgradeCheck = 0710;
				ORGANIZATIONNAME = Zingoer;
				TargetAttributes = {
					10F64C9F1BE006C3004BFEB7 = {
						CreatedOnToolsVersion = 7.1;
					};
					10F64CB61BE006C3004BFEB7 = {
						CreatedOnToolsVersion = 7.1;
						TestTargetID = 10F64C9F1BE006C3004BFEB7;
					};
					10F64CC11BE006C3004BFEB7 = {
						CreatedOnToolsVersion = 7.1;
						TestTargetID = 10F64C9F1BE006C3004BFEB7;
					};
				};
			};
			buildConfigurationList = 10F64C9B1BE006C3004BFEB7 /* Build configuration list for PBXProject "UseMDKitsApp" */;
			compatibilityVersion = "Xcode 3.2";
			developmentRegion = English;
			hasScannedForEncodings = 0;
			knownRegions = (
				en,
				Base,
			);
			mainGroup = 10F64C971BE006C3004BFEB7;
			productRefGroup = 10F64CA11BE006C3004BFEB7 /* Products */;
			projectDirPath = "";
			projectRoot = "";
			targets = (
				10F64C9F1BE006C3004BFEB7 /* UseMDKitsApp */,
				10F64CB61BE006C3004BFEB7 /* UseMDKitsAppTests */,
				10F64CC11BE006C3004BFEB7 /* UseMDKitsAppUITests */,
			);
		};
/* End PBXProject section */

/* Begin PBXResourcesBuildPhase section */
		10F64C9E1BE006C3004BFEB7 /* Resources */ = {
			isa = PBXResourcesBuildPhase;
			buildActionMask = 2147483647;
			files = (
				10F64CB11BE006C3004BFEB7 /* LaunchScreen.storyboard in Resources */,
				10F64CAE1BE006C3004BFEB7 /* Assets.xcassets in Resources */,
				10F64CA91BE006C3004BFEB7 /* Main.storyboard in Resources */,
			);
			runOnlyForDeploymentPostprocessing = 0;
		};
		10F64CB51BE006C3004BFEB7 /* Resources */ = {
			isa = PBXResourcesBuildPhase;
			buildActionMask = 2147483647;
			files = (
			);
			runOnlyForDeploymentPostprocessing = 0;
		};
		10F64CC01BE006C3004BFEB7 /* Resources */ = {
			isa = PBXResourcesBuildPhase;
			buildActionMask = 2147483647;
			files = (
			);
			runOnlyForDeploymentPostprocessing = 0;
		};
/* End PBXResourcesBuildPhase section */

/* Begin PBXSourcesBuildPhase section */
		10F64C9C1BE006C3004BFEB7 /* Sources */ = {
			isa = PBXSourcesBuildPhase;
			buildActionMask = 2147483647;
			files = (
				10F64CAC1BE006C3004BFEB7 /* UseMDKitsApp.xcdatamodeld in Sources */,
				10F64CA61BE006C3004BFEB7 /* ViewController.swift in Sources */,
				10F64CA41BE006C3004BFEB7 /* AppDelegate.swift in Sources */,
			);
			runOnlyForDeploymentPostprocessing = 0;
		};
		10F64CB31BE006C3004BFEB7 /* Sources */ = {
			isa = PBXSourcesBuildPhase;
			buildActionMask = 2147483647;
			files = (
				10F64CBC1BE006C3004BFEB7 /* UseMDKitsAppTests.swift in Sources */,
			);
			runOnlyForDeploymentPostprocessing = 0;
		};
		10F64CBE1BE006C3004BFEB7 /* Sources */ = {
			isa = PBXSourcesBuildPhase;
			buildActionMask = 2147483647;
			files = (
				10F64CC71BE006C3004BFEB7 /* UseMDKitsAppUITests.swift in Sources */,
			);
			runOnlyForDeploymentPostprocessing = 0;
		};
/* End PBXSourcesBuildPhase section */

/* Begin PBXTargetDependency section */
		10F64CB91BE006C3004BFEB7 /* PBXTargetDependency */ = {
			isa = PBXTargetDependency;
			target = 10F64C9F1BE006C3004BFEB7 /* UseMDKitsApp */;
			targetProxy = 10F64CB81BE006C3004BFEB7 /* PBXContainerItemProxy */;
		};
		10F64CC41BE006C3004BFEB7 /* PBXTargetDependency */ = {
			isa = PBXTargetDependency;
			target = 10F64C9F1BE006C3004BFEB7 /* UseMDKitsApp */;
			targetProxy = 10F64CC31BE006C3004BFEB7 /* PBXContainerItemProxy */;
		};
/* End PBXTargetDependency section */

/* Begin PBXVariantGroup section */
		10F64CA71BE006C3004BFEB7 /* Main.storyboard */ = {
			isa = PBXVariantGroup;
			children = (
				10F64CA81BE006C3004BFEB7 /* Base */,
			);
			name = Main.storyboard;
			sourceTree = "<group>";
		};
		10F64CAF1BE006C3004BFEB7 /* LaunchScreen.storyboard */ = {
			isa = PBXVariantGroup;
			children = (
				10F64CB01BE006C3004BFEB7 /* Base */,
			);
			name = LaunchScreen.storyboard;
			sourceTree = "<group>";
		};
/* End PBXVariantGroup section */

/* Begin XCBuildConfiguration section */
		10F64CC91BE006C3004BFEB7 /* Debug */ = {
			isa = XCBuildConfiguration;
			buildSettings = {
				ALWAYS_SEARCH_USER_PATHS = NO;
				CLANG_CXX_LANGUAGE_STANDARD = "gnu++0x";
				CLANG_CXX_LIBRARY = "libc++";
				CLANG_ENABLE_MODULES = YES;
				CLANG_ENABLE_OBJC_ARC = YES;
				CLANG_WARN_BOOL_CONVERSION = YES;
				CLANG_WARN_CONSTANT_CONVERSION = YES;
				CLANG_WARN_DIRECT_OBJC_ISA_USAGE = YES_ERROR;
				CLANG_WARN_EMPTY_BODY = YES;
				CLANG_WARN_ENUM_CONVERSION = YES;
				CLANG_WARN_INT_CONVERSION = YES;
				CLANG_WARN_OBJC_ROOT_CLASS = YES_ERROR;
				CLANG_WARN_UNREACHABLE_CODE = YES;
				CLANG_WARN__DUPLICATE_METHOD_MATCH = YES;
				"CODE_SIGN_IDENTITY[sdk=iphoneos*]" = "iPhone Developer";
				COPY_PHASE_STRIP = NO;
				DEBUG_INFORMATION_FORMAT = dwarf;
				ENABLE_STRICT_OBJC_MSGSEND = YES;
				ENABLE_TESTABILITY = YES;
				GCC_C_LANGUAGE_STANDARD = gnu99;
				GCC_DYNAMIC_NO_PIC = NO;
				GCC_NO_COMMON_BLOCKS = YES;
				GCC_OPTIMIZATION_LEVEL = 0;
				GCC_PREPROCESSOR_DEFINITIONS = (
					"DEBUG=1",
					"$(inherited)",
				);
				GCC_WARN_64_TO_32_BIT_CONVERSION = YES;
				GCC_WARN_ABOUT_RETURN_TYPE = YES_ERROR;
				GCC_WARN_UNDECLARED_SELECTOR = YES;
				GCC_WARN_UNINITIALIZED_AUTOS = YES_AGGRESSIVE;
				GCC_WARN_UNUSED_FUNCTION = YES;
				GCC_WARN_UNUSED_VARIABLE = YES;
				IPHONEOS_DEPLOYMENT_TARGET = 9.1;
				MTL_ENABLE_DEBUG_INFO = YES;
				ONLY_ACTIVE_ARCH = YES;
				SDKROOT = iphoneos;
				SWIFT_OPTIMIZATION_LEVEL = "-Onone";
				TARGETED_DEVICE_FAMILY = "1,2";
			};
			name = Debug;
		};
		10F64CCA1BE006C3004BFEB7 /* Release */ = {
			isa = XCBuildConfiguration;
			buildSettings = {
				ALWAYS_SEARCH_USER_PATHS = NO;
				CLANG_CXX_LANGUAGE_STANDARD = "gnu++0x";
				CLANG_CXX_LIBRARY = "libc++";
				CLANG_ENABLE_MODULES = YES;
				CLANG_ENABLE_OBJC_ARC = YES;
				CLANG_WARN_BOOL_CONVERSION = YES;
				CLANG_WARN_CONSTANT_CONVERSION = YES;
				CLANG_WARN_DIRECT_OBJC_ISA_USAGE = YES_ERROR;
				CLANG_WARN_EMPTY_BODY = YES;
				CLANG_WARN_ENUM_CONVERSION = YES;
				CLANG_WARN_INT_CONVERSION = YES;
				CLANG_WARN_OBJC_ROOT_CLASS = YES_ERROR;
				CLANG_WARN_UNREACHABLE_CODE = YES;
				CLANG_WARN__DUPLICATE_METHOD_MATCH = YES;
				"CODE_SIGN_IDENTITY[sdk=iphoneos*]" = "iPhone Developer";
				COPY_PHASE_STRIP = NO;
				DEBUG_INFORMATION_FORMAT = "dwarf-with-dsym";
				ENABLE_NS_ASSERTIONS = NO;
				ENABLE_STRICT_OBJC_MSGSEND = YES;
				GCC_C_LANGUAGE_STANDARD = gnu99;
				GCC_NO_COMMON_BLOCKS = YES;
				GCC_WARN_64_TO_32_BIT_CONVERSION = YES;
				GCC_WARN_ABOUT_RETURN_TYPE = YES_ERROR;
				GCC_WARN_UNDECLARED_SELECTOR = YES;
				GCC_WARN_UNINITIALIZED_AUTOS = YES_AGGRESSIVE;
				GCC_WARN_UNUSED_FUNCTION = YES;
				GCC_WARN_UNUSED_VARIABLE = YES;
				IPHONEOS_DEPLOYMENT_TARGET = 9.1;
				MTL_ENABLE_DEBUG_INFO = NO;
				SDKROOT = iphoneos;
				TARGETED_DEVICE_FAMILY = "1,2";
				VALIDATE_PRODUCT = YES;
			};
			name = Release;
		};
		10F64CCC1BE006C3004BFEB7 /* Debug */ = {
			isa = XCBuildConfiguration;
			buildSettings = {
				ASSETCATALOG_COMPILER_APPICON_NAME = AppIcon;
				FRAMEWORK_SEARCH_PATHS = (
					"$(inherited)",
					"$(PROJECT_DIR)/UseMDKitsApp",
				);
				HEADER_SEARCH_PATHS = "$(PROJECT_DIR)/UseMDKitsApp/**";
				INFOPLIST_FILE = UseMDKitsApp/Info.plist;
				IPHONEOS_DEPLOYMENT_TARGET = 8.0;
				LD_RUNPATH_SEARCH_PATHS = "$(inherited) @executable_path/Frameworks";
				PRODUCT_BUNDLE_IDENTIFIER = com.Zingoer.UseMDKitsApp;
				PRODUCT_NAME = "$(TARGET_NAME)";
			};
			name = Debug;
		};
		10F64CCD1BE006C3004BFEB7 /* Release */ = {
			isa = XCBuildConfiguration;
			buildSettings = {
				ASSETCATALOG_COMPILER_APPICON_NAME = AppIcon;
				FRAMEWORK_SEARCH_PATHS = (
					"$(inherited)",
					"$(PROJECT_DIR)/UseMDKitsApp",
				);
				HEADER_SEARCH_PATHS = "$(PROJECT_DIR)/UseMDKitsApp/**";
				INFOPLIST_FILE = UseMDKitsApp/Info.plist;
				IPHONEOS_DEPLOYMENT_TARGET = 8.0;
				LD_RUNPATH_SEARCH_PATHS = "$(inherited) @executable_path/Frameworks";
				PRODUCT_BUNDLE_IDENTIFIER = com.Zingoer.UseMDKitsApp;
				PRODUCT_NAME = "$(TARGET_NAME)";
			};
			name = Release;
		};
		10F64CCF1BE006C3004BFEB7 /* Debug */ = {
			isa = XCBuildConfiguration;
			buildSettings = {
				BUNDLE_LOADER = "$(TEST_HOST)";
				INFOPLIST_FILE = UseMDKitsAppTests/Info.plist;
				LD_RUNPATH_SEARCH_PATHS = "$(inherited) @executable_path/Frameworks @loader_path/Frameworks";
				PRODUCT_BUNDLE_IDENTIFIER = com.Zingoer.UseMDKitsAppTests;
				PRODUCT_NAME = "$(TARGET_NAME)";
				TEST_HOST = "$(BUILT_PRODUCTS_DIR)/UseMDKitsApp.app/UseMDKitsApp";
			};
			name = Debug;
		};
		10F64CD01BE006C3004BFEB7 /* Release */ = {
			isa = XCBuildConfiguration;
			buildSettings = {
				BUNDLE_LOADER = "$(TEST_HOST)";
				INFOPLIST_FILE = UseMDKitsAppTests/Info.plist;
				LD_RUNPATH_SEARCH_PATHS = "$(inherited) @executable_path/Frameworks @loader_path/Frameworks";
				PRODUCT_BUNDLE_IDENTIFIER = com.Zingoer.UseMDKitsAppTests;
				PRODUCT_NAME = "$(TARGET_NAME)";
				TEST_HOST = "$(BUILT_PRODUCTS_DIR)/UseMDKitsApp.app/UseMDKitsApp";
			};
			name = Release;
		};
		10F64CD21BE006C3004BFEB7 /* Debug */ = {
			isa = XCBuildConfiguration;
			buildSettings = {
				INFOPLIST_FILE = UseMDKitsAppUITests/Info.plist;
				LD_RUNPATH_SEARCH_PATHS = "$(inherited) @executable_path/Frameworks @loader_path/Frameworks";
				PRODUCT_BUNDLE_IDENTIFIER = com.Zingoer.UseMDKitsAppUITests;
				PRODUCT_NAME = "$(TARGET_NAME)";
				TEST_TARGET_NAME = UseMDKitsApp;
				USES_XCTRUNNER = YES;
			};
			name = Debug;
		};
		10F64CD31BE006C3004BFEB7 /* Release */ = {
			isa = XCBuildConfiguration;
			buildSettings = {
				INFOPLIST_FILE = UseMDKitsAppUITests/Info.plist;
				LD_RUNPATH_SEARCH_PATHS = "$(inherited) @executable_path/Frameworks @loader_path/Frameworks";
				PRODUCT_BUNDLE_IDENTIFIER = com.Zingoer.UseMDKitsAppUITests;
				PRODUCT_NAME = "$(TARGET_NAME)";
				TEST_TARGET_NAME = UseMDKitsApp;
				USES_XCTRUNNER = YES;
			};
			name = Release;
		};
/* End XCBuildConfiguration section */

/* Begin XCConfigurationList section */
		10F64C9B1BE006C3004BFEB7 /* Build configuration list for PBXProject "UseMDKitsApp" */ = {
			isa = XCConfigurationList;
			buildConfigurations = (
				10F64CC91BE006C3004BFEB7 /* Debug */,
				10F64CCA1BE006C3004BFEB7 /* Release */,
			);
			defaultConfigurationIsVisible = 0;
			defaultConfigurationName = Release;
		};
		10F64CCB1BE006C3004BFEB7 /* Build configuration list for PBXNativeTarget "UseMDKitsApp" */ = {
			isa = XCConfigurationList;
			buildConfigurations = (
				10F64CCC1BE006C3004BFEB7 /* Debug */,
				10F64CCD1BE006C3004BFEB7 /* Release */,
			);
			defaultConfigurationIsVisible = 0;
		};
		10F64CCE1BE006C3004BFEB7 /* Build configuration list for PBXNativeTarget "UseMDKitsAppTests" */ = {
			isa = XCConfigurationList;
			buildConfigurations = (
				10F64CCF1BE006C3004BFEB7 /* Debug */,
				10F64CD01BE006C3004BFEB7 /* Release */,
			);
			defaultConfigurationIsVisible = 0;
		};
		10F64CD11BE006C3004BFEB7 /* Build configuration list for PBXNativeTarget "UseMDKitsAppUITests" */ = {
			isa = XCConfigurationList;
			buildConfigurations = (
				10F64CD21BE006C3004BFEB7 /* Debug */,
				10F64CD31BE006C3004BFEB7 /* Release */,
			);
			defaultConfigurationIsVisible = 0;
		};
/* End XCConfigurationList section */

/* Begin XCVersionGroup section */
		10F64CAA1BE006C3004BFEB7 /* UseMDKitsApp.xcdatamodeld */ = {
			isa = XCVersionGroup;
			children = (
				10F64CAB1BE006C3004BFEB7 /* UseMDKitsApp.xcdatamodel */,
			);
			currentVersion = 10F64CAB1BE006C3004BFEB7 /* UseMDKitsApp.xcdatamodel */;
			path = UseMDKitsApp.xcdatamodeld;
			sourceTree = "<group>";
			versionGroupType = wrapper.xcdatamodel;
		};
/* End XCVersionGroup section */
	};
	rootObject = 10F64C981BE006C3004BFEB7 /* Project object */;
}
