// !$*UTF8*$!
{
	archiveVersion = 1;
	classes = {
	};
	objectVersion = 46;
	objects = {

/* Begin PBXBuildFile section */
		10F64C241BDFF402004BFEB7 /* MDKits.h in Headers */ = {isa = PBXBuildFile; fileRef = 10F64C231BDFF402004BFEB7 /* MDKits.h */; settings = {ATTRIBUTES = (Public, ); }; };
		10F64C2B1BDFF402004BFEB7 /* MDKits.framework in Frameworks */ = {isa = PBXBuildFile; fileRef = 10F64C201BDFF402004BFEB7 /* MDKits.framework */; };
		10F64C301BDFF402004BFEB7 /* MDKitsTests.swift in Sources */ = {isa = PBXBuildFile; fileRef = 10F64C2F1BDFF402004BFEB7 /* MDKitsTests.swift */; };
		10F64C401BDFF486004BFEB7 /* AgeAdviser.swift in Sources */ = {isa = PBXBuildFile; fileRef = 10F64C3A1BDFF486004BFEB7 /* AgeAdviser.swift */; };
		10F64C411BDFF486004BFEB7 /* CoreDataStack2.swift in Sources */ = {isa = PBXBuildFile; fileRef = 10F64C3B1BDFF486004BFEB7 /* CoreDataStack2.swift */; };
		10F64C421BDFF486004BFEB7 /* SecondEntity.swift in Sources */ = {isa = PBXBuildFile; fileRef = 10F64C3C1BDFF486004BFEB7 /* SecondEntity.swift */; };
		10F64C431BDFF486004BFEB7 /* SecondEntity+CoreDataProperties.swift in Sources */ = {isa = PBXBuildFile; fileRef = 10F64C3D1BDFF486004BFEB7 /* SecondEntity+CoreDataProperties.swift */; };
		10F64C441BDFF486004BFEB7 /* SecondModel.xcdatamodeld in Sources */ = {isa = PBXBuildFile; fileRef = 10F64C3E1BDFF486004BFEB7 /* SecondModel.xcdatamodeld */; };
/* End PBXBuildFile section */

/* Begin PBXContainerItemProxy section */
		10F64C2C1BDFF402004BFEB7 /* PBXContainerItemProxy */ = {
			isa = PBXContainerItemProxy;
			containerPortal = 10F64C171BDFF402004BFEB7 /* Project object */;
			proxyType = 1;
			remoteGlobalIDString = 10F64C1F1BDFF402004BFEB7;
			remoteInfo = MDKits;
		};
/* End PBXContainerItemProxy section */

/* Begin PBXFileReference section */
		10F64C201BDFF402004BFEB7 /* MDKits.framework */ = {isa = PBXFileReference; explicitFileType = wrapper.framework; includeInIndex = 0; path = MDKits.framework; sourceTree = BUILT_PRODUCTS_DIR; };
		10F64C231BDFF402004BFEB7 /* MDKits.h */ = {isa = PBXFileReference; lastKnownFileType = sourcecode.c.h; path = MDKits.h; sourceTree = "<group>"; };
		10F64C251BDFF402004BFEB7 /* Info.plist */ = {isa = PBXFileReference; lastKnownFileType = text.plist.xml; path = Info.plist; sourceTree = "<group>"; };
		10F64C2A1BDFF402004BFEB7 /* MDKitsTests.xctest */ = {isa = PBXFileReference; explicitFileType = wrapper.cfbundle; includeInIndex = 0; path = MDKitsTests.xctest; sourceTree = BUILT_PRODUCTS_DIR; };
		10F64C2F1BDFF402004BFEB7 /* MDKitsTests.swift */ = {isa = PBXFileReference; lastKnownFileType = sourcecode.swift; path = MDKitsTests.swift; sourceTree = "<group>"; };
		10F64C311BDFF402004BFEB7 /* Info.plist */ = {isa = PBXFileReference; lastKnownFileType = text.plist.xml; path = Info.plist; sourceTree = "<group>"; };
		10F64C3A1BDFF486004BFEB7 /* AgeAdviser.swift */ = {isa = PBXFileReference; fileEncoding = 4; lastKnownFileType = sourcecode.swift; path = AgeAdviser.swift; sourceTree = "<group>"; };
		10F64C3B1BDFF486004BFEB7 /* CoreDataStack2.swift */ = {isa = PBXFileReference; fileEncoding = 4; lastKnownFileType = sourcecode.swift; path = CoreDataStack2.swift; sourceTree = "<group>"; };
		10F64C3C1BDFF486004BFEB7 /* SecondEntity.swift */ = {isa = PBXFileReference; fileEncoding = 4; lastKnownFileType = sourcecode.swift; path = SecondEntity.swift; sourceTree = "<group>"; };
		10F64C3D1BDFF486004BFEB7 /* SecondEntity+CoreDataProperties.swift */ = {isa = PBXFileReference; fileEncoding = 4; lastKnownFileType = sourcecode.swift; path = "SecondEntity+CoreDataProperties.swift"; sourceTree = "<group>"; };
		10F64C3F1BDFF486004BFEB7 /* SecondModel.xcdatamodel */ = {isa = PBXFileReference; lastKnownFileType = wrapper.xcdatamodel; path = SecondModel.xcdatamodel; sourceTree = "<group>"; };
/* End PBXFileReference section */

/* Begin PBXFrameworksBuildPhase section */
		10F64C1C1BDFF402004BFEB7 /* Frameworks */ = {
			isa = PBXFrameworksBuildPhase;
			buildActionMask = 2147483647;
			files = (
			);
			runOnlyForDeploymentPostprocessing = 0;
		};
		10F64C271BDFF402004BFEB7 /* Frameworks */ = {
			isa = PBXFrameworksBuildPhase;
			buildActionMask = 2147483647;
			files = (
				10F64C2B1BDFF402004BFEB7 /* MDKits.framework in Frameworks */,
			);
			runOnlyForDeploymentPostprocessing = 0;
		};
/* End PBXFrameworksBuildPhase section */

/* Begin PBXGroup section */
		10F64C161BDFF402004BFEB7 = {
			isa = PBXGroup;
			children = (
				10F64C221BDFF402004BFEB7 /* MDKits */,
				10F64C2E1BDFF402004BFEB7 /* MDKitsTests */,
				10F64C211BDFF402004BFEB7 /* Products */,
			);
			sourceTree = "<group>";
		};
		10F64C211BDFF402004BFEB7 /* Products */ = {
			isa = PBXGroup;
			children = (
				10F64C201BDFF402004BFEB7 /* MDKits.framework */,
				10F64C2A1BDFF402004BFEB7 /* MDKitsTests.xctest */,
			);
			name = Products;
			sourceTree = "<group>";
		};
		10F64C221BDFF402004BFEB7 /* MDKits */ = {
			isa = PBXGroup;
			children = (
				10F64C231BDFF402004BFEB7 /* MDKits.h */,
				10F64C251BDFF402004BFEB7 /* Info.plist */,
				10F64C3A1BDFF486004BFEB7 /* AgeAdviser.swift */,
				10F64C3B1BDFF486004BFEB7 /* CoreDataStack2.swift */,
				10F64C3C1BDFF486004BFEB7 /* SecondEntity.swift */,
				10F64C3D1BDFF486004BFEB7 /* SecondEntity+CoreDataProperties.swift */,
				10F64C3E1BDFF486004BFEB7 /* SecondModel.xcdatamodeld */,
			);
			path = MDKits;
			sourceTree = "<group>";
		};
		10F64C2E1BDFF402004BFEB7 /* MDKitsTests */ = {
			isa = PBXGroup;
			children = (
				10F64C2F1BDFF402004BFEB7 /* MDKitsTests.swift */,
				10F64C311BDFF402004BFEB7 /* Info.plist */,
			);
			path = MDKitsTests;
			sourceTree = "<group>";
		};
/* End PBXGroup section */

/* Begin PBXHeadersBuildPhase section */
		10F64C1D1BDFF402004BFEB7 /* Headers */ = {
			isa = PBXHeadersBuildPhase;
			buildActionMask = 2147483647;
			files = (
				10F64C241BDFF402004BFEB7 /* MDKits.h in Headers */,
			);
			runOnlyForDeploymentPostprocessing = 0;
		};
/* End PBXHeadersBuildPhase section */

/* Begin PBXNativeTarget section */
		10F64C1F1BDFF402004BFEB7 /* MDKits */ = {
			isa = PBXNativeTarget;
			buildConfigurationList = 10F64C341BDFF402004BFEB7 /* Build configuration list for PBXNativeTarget "MDKits" */;
			buildPhases = (
				10F64C1B1BDFF402004BFEB7 /* Sources */,
				10F64C1C1BDFF402004BFEB7 /* Frameworks */,
				10F64C1D1BDFF402004BFEB7 /* Headers */,
				10F64C1E1BDFF402004BFEB7 /* Resources */,
			);
			buildRules = (
			);
			dependencies = (
			);
			name = MDKits;
			productName = MDKits;
			productReference = 10F64C201BDFF402004BFEB7 /* MDKits.framework */;
			productType = "com.apple.product-type.framework";
		};
		10F64C291BDFF402004BFEB7 /* MDKitsTests */ = {
			isa = PBXNativeTarget;
			buildConfigurationList = 10F64C371BDFF402004BFEB7 /* Build configuration list for PBXNativeTarget "MDKitsTests" */;
			buildPhases = (
				10F64C261BDFF402004BFEB7 /* Sources */,
				10F64C271BDFF402004BFEB7 /* Frameworks */,
				10F64C281BDFF402004BFEB7 /* Resources */,
			);
			buildRules = (
			);
			dependencies = (
				10F64C2D1BDFF402004BFEB7 /* PBXTargetDependency */,
			);
			name = MDKitsTests;
			productName = MDKitsTests;
			productReference = 10F64C2A1BDFF402004BFEB7 /* MDKitsTests.xctest */;
			productType = "com.apple.product-type.bundle.unit-test";
		};
/* End PBXNativeTarget section */

/* Begin PBXProject section */
		10F64C171BDFF402004BFEB7 /* Project object */ = {
			isa = PBXProject;
			attributes = {
				LastSwiftUpdateCheck = 0710;
				LastUpgradeCheck = 0710;
				ORGANIZATIONNAME = Zingoer;
				TargetAttributes = {
					10F64C1F1BDFF402004BFEB7 = {
						CreatedOnToolsVersion = 7.1;
					};
					10F64C291BDFF402004BFEB7 = {
						CreatedOnToolsVersion = 7.1;
					};
				};
			};
			buildConfigurationList = 10F64C1A1BDFF402004BFEB7 /* Build configuration list for PBXProject "MDKits" */;
			compatibilityVersion = "Xcode 3.2";
			developmentRegion = English;
			hasScannedForEncodings = 0;
			knownRegions = (
				en,
			);
			mainGroup = 10F64C161BDFF402004BFEB7;
			productRefGroup = 10F64C211BDFF402004BFEB7 /* Products */;
			projectDirPath = "";
			projectRoot = "";
			targets = (
				10F64C1F1BDFF402004BFEB7 /* MDKits */,
				10F64C291BDFF402004BFEB7 /* MDKitsTests */,
			);
		};
/* End PBXProject section */

/* Begin PBXResourcesBuildPhase section */
		10F64C1E1BDFF402004BFEB7 /* Resources */ = {
			isa = PBXResourcesBuildPhase;
			buildActionMask = 2147483647;
			files = (
			);
			runOnlyForDeploymentPostprocessing = 0;
		};
		10F64C281BDFF402004BFEB7 /* Resources */ = {
			isa = PBXResourcesBuildPhase;
			buildActionMask = 2147483647;
			files = (
			);
			runOnlyForDeploymentPostprocessing = 0;
		};
/* End PBXResourcesBuildPhase section */

/* Begin PBXSourcesBuildPhase section */
		10F64C1B1BDFF402004BFEB7 /* Sources */ = {
			isa = PBXSourcesBuildPhase;
			buildActionMask = 2147483647;
			files = (
				10F64C441BDFF486004BFEB7 /* SecondModel.xcdatamodeld in Sources */,
				10F64C431BDFF486004BFEB7 /* SecondEntity+CoreDataProperties.swift in Sources */,
				10F64C411BDFF486004BFEB7 /* CoreDataStack2.swift in Sources */,
				10F64C401BDFF486004BFEB7 /* AgeAdviser.swift in Sources */,
				10F64C421BDFF486004BFEB7 /* SecondEntity.swift in Sources */,
			);
			runOnlyForDeploymentPostprocessing = 0;
		};
		10F64C261BDFF402004BFEB7 /* Sources */ = {
			isa = PBXSourcesBuildPhase;
			buildActionMask = 2147483647;
			files = (
				10F64C301BDFF402004BFEB7 /* MDKitsTests.swift in Sources */,
			);
			runOnlyForDeploymentPostprocessing = 0;
		};
/* End PBXSourcesBuildPhase section */

/* Begin PBXTargetDependency section */
		10F64C2D1BDFF402004BFEB7 /* PBXTargetDependency */ = {
			isa = PBXTargetDependency;
			target = 10F64C1F1BDFF402004BFEB7 /* MDKits */;
			targetProxy = 10F64C2C1BDFF402004BFEB7 /* PBXContainerItemProxy */;
		};
/* End PBXTargetDependency section */

/* Begin XCBuildConfiguration section */
		10F64C321BDFF402004BFEB7 /* Debug */ = {
			isa = XCBuildConfiguration;
			buildSettings = {
				ALWAYS_SEARCH_USER_PATHS = NO;
				CLANG_CXX_LANGUAGE_STANDARD = "gnu++0x";
				CLANG_CXX_LIBRARY = "libc++";
				CLANG_ENABLE_MODULES = YES;
				CLANG_ENABLE_OBJC_ARC = YES;
				CLANG_WARN_BOOL_CONVERSION = YES;
				CLANG_WARN_CONSTANT_CONVERSION = YES;
				CLANG_WARN_DIRECT_OBJC_ISA_USAGE = YES_ERROR;
				CLANG_WARN_EMPTY_BODY = YES;
				CLANG_WARN_ENUM_CONVERSION = YES;
				CLANG_WARN_INT_CONVERSION = YES;
				CLANG_WARN_OBJC_ROOT_CLASS = YES_ERROR;
				CLANG_WARN_UNREACHABLE_CODE = YES;
				CLANG_WARN__DUPLICATE_METHOD_MATCH = YES;
				"CODE_SIGN_IDENTITY[sdk=iphoneos*]" = "iPhone Developer";
				COPY_PHASE_STRIP = NO;
				CURRENT_PROJECT_VERSION = 1;
				DEBUG_INFORMATION_FORMAT = dwarf;
				ENABLE_STRICT_OBJC_MSGSEND = YES;
				ENABLE_TESTABILITY = YES;
				GCC_C_LANGUAGE_STANDARD = gnu99;
				GCC_DYNAMIC_NO_PIC = NO;
				GCC_NO_COMMON_BLOCKS = YES;
				GCC_OPTIMIZATION_LEVEL = 0;
				GCC_PREPROCESSOR_DEFINITIONS = (
					"DEBUG=1",
					"$(inherited)",
				);
				GCC_WARN_64_TO_32_BIT_CONVERSION = YES;
				GCC_WARN_ABOUT_RETURN_TYPE = YES_ERROR;
				GCC_WARN_UNDECLARED_SELECTOR = YES;
				GCC_WARN_UNINITIALIZED_AUTOS = YES_AGGRESSIVE;
				GCC_WARN_UNUSED_FUNCTION = YES;
				GCC_WARN_UNUSED_VARIABLE = YES;
				IPHONEOS_DEPLOYMENT_TARGET = 9.1;
				MTL_ENABLE_DEBUG_INFO = YES;
				ONLY_ACTIVE_ARCH = YES;
				SDKROOT = iphoneos;
				SWIFT_OPTIMIZATION_LEVEL = "-Onone";
				TARGETED_DEVICE_FAMILY = "1,2";
				VERSIONING_SYSTEM = "apple-generic";
				VERSION_INFO_PREFIX = "";
			};
			name = Debug;
		};
		10F64C331BDFF402004BFEB7 /* Release */ = {
			isa = XCBuildConfiguration;
			buildSettings = {
				ALWAYS_SEARCH_USER_PATHS = NO;
				CLANG_CXX_LANGUAGE_STANDARD = "gnu++0x";
				CLANG_CXX_LIBRARY = "libc++";
				CLANG_ENABLE_MODULES = YES;
				CLANG_ENABLE_OBJC_ARC = YES;
				CLANG_WARN_BOOL_CONVERSION = YES;
				CLANG_WARN_CONSTANT_CONVERSION = YES;
				CLANG_WARN_DIRECT_OBJC_ISA_USAGE = YES_ERROR;
				CLANG_WARN_EMPTY_BODY = YES;
				CLANG_WARN_ENUM_CONVERSION = YES;
				CLANG_WARN_INT_CONVERSION = YES;
				CLANG_WARN_OBJC_ROOT_CLASS = YES_ERROR;
				CLANG_WARN_UNREACHABLE_CODE = YES;
				CLANG_WARN__DUPLICATE_METHOD_MATCH = YES;
				"CODE_SIGN_IDENTITY[sdk=iphoneos*]" = "iPhone Developer";
				COPY_PHASE_STRIP = NO;
				CURRENT_PROJECT_VERSION = 1;
				DEBUG_INFORMATION_FORMAT = "dwarf-with-dsym";
				ENABLE_NS_ASSERTIONS = NO;
				ENABLE_STRICT_OBJC_MSGSEND = YES;
				GCC_C_LANGUAGE_STANDARD = gnu99;
				GCC_NO_COMMON_BLOCKS = YES;
				GCC_WARN_64_TO_32_BIT_CONVERSION = YES;
				GCC_WARN_ABOUT_RETURN_TYPE = YES_ERROR;
				GCC_WARN_UNDECLARED_SELECTOR = YES;
				GCC_WARN_UNINITIALIZED_AUTOS = YES_AGGRESSIVE;
				GCC_WARN_UNUSED_FUNCTION = YES;
				GCC_WARN_UNUSED_VARIABLE = YES;
				IPHONEOS_DEPLOYMENT_TARGET = 9.1;
				MTL_ENABLE_DEBUG_INFO = NO;
				SDKROOT = iphoneos;
				TARGETED_DEVICE_FAMILY = "1,2";
				VALIDATE_PRODUCT = YES;
				VERSIONING_SYSTEM = "apple-generic";
				VERSION_INFO_PREFIX = "";
			};
			name = Release;
		};
		10F64C351BDFF402004BFEB7 /* Debug */ = {
			isa = XCBuildConfiguration;
			buildSettings = {
				CLANG_ENABLE_MODULES = YES;
				DEFINES_MODULE = YES;
				DYLIB_COMPATIBILITY_VERSION = 1;
				DYLIB_CURRENT_VERSION = 1;
				DYLIB_INSTALL_NAME_BASE = "@rpath";
				INFOPLIST_FILE = MDKits/Info.plist;
				INSTALL_PATH = "$(LOCAL_LIBRARY_DIR)/Frameworks";
				IPHONEOS_DEPLOYMENT_TARGET = 8.0;
				LD_RUNPATH_SEARCH_PATHS = "$(inherited) @executable_path/Frameworks @loader_path/Frameworks";
				PRODUCT_BUNDLE_IDENTIFIER = com.Zingoer.MDKits;
				PRODUCT_NAME = "$(TARGET_NAME)";
				SKIP_INSTALL = YES;
				SWIFT_OPTIMIZATION_LEVEL = "-Onone";
			};
			name = Debug;
		};
		10F64C361BDFF402004BFEB7 /* Release */ = {
			isa = XCBuildConfiguration;
			buildSettings = {
				CLANG_ENABLE_MODULES = YES;
				DEFINES_MODULE = YES;
				DYLIB_COMPATIBILITY_VERSION = 1;
				DYLIB_CURRENT_VERSION = 1;
				DYLIB_INSTALL_NAME_BASE = "@rpath";
				INFOPLIST_FILE = MDKits/Info.plist;
				INSTALL_PATH = "$(LOCAL_LIBRARY_DIR)/Frameworks";
				IPHONEOS_DEPLOYMENT_TARGET = 8.0;
				LD_RUNPATH_SEARCH_PATHS = "$(inherited) @executable_path/Frameworks @loader_path/Frameworks";
				PRODUCT_BUNDLE_IDENTIFIER = com.Zingoer.MDKits;
				PRODUCT_NAME = "$(TARGET_NAME)";
				SKIP_INSTALL = YES;
			};
			name = Release;
		};
		10F64C381BDFF402004BFEB7 /* Debug */ = {
			isa = XCBuildConfiguration;
			buildSettings = {
				INFOPLIST_FILE = MDKitsTests/Info.plist;
				LD_RUNPATH_SEARCH_PATHS = "$(inherited) @executable_path/Frameworks @loader_path/Frameworks";
				PRODUCT_BUNDLE_IDENTIFIER = com.Zingoer.MDKitsTests;
				PRODUCT_NAME = "$(TARGET_NAME)";
			};
			name = Debug;
		};
		10F64C391BDFF402004BFEB7 /* Release */ = {
			isa = XCBuildConfiguration;
			buildSettings = {
				INFOPLIST_FILE = MDKitsTests/Info.plist;
				LD_RUNPATH_SEARCH_PATHS = "$(inherited) @executable_path/Frameworks @loader_path/Frameworks";
				PRODUCT_BUNDLE_IDENTIFIER = com.Zingoer.MDKitsTests;
				PRODUCT_NAME = "$(TARGET_NAME)";
			};
			name = Release;
		};
/* End XCBuildConfiguration section */

/* Begin XCConfigurationList section */
		10F64C1A1BDFF402004BFEB7 /* Build configuration list for PBXProject "MDKits" */ = {
			isa = XCConfigurationList;
			buildConfigurations = (
				10F64C321BDFF402004BFEB7 /* Debug */,
				10F64C331BDFF402004BFEB7 /* Release */,
			);
			defaultConfigurationIsVisible = 0;
			defaultConfigurationName = Release;
		};
		10F64C341BDFF402004BFEB7 /* Build configuration list for PBXNativeTarget "MDKits" */ = {
			isa = XCConfigurationList;
			buildConfigurations = (
				10F64C351BDFF402004BFEB7 /* Debug */,
				10F64C361BDFF402004BFEB7 /* Release */,
			);
			defaultConfigurationIsVisible = 0;
			defaultConfigurationName = Release;
		};
		10F64C371BDFF402004BFEB7 /* Build configuration list for PBXNativeTarget "MDKitsTests" */ = {
			isa = XCConfigurationList;
			buildConfigurations = (
				10F64C381BDFF402004BFEB7 /* Debug */,
				10F64C391BDFF402004BFEB7 /* Release */,
			);
			defaultConfigurationIsVisible = 0;
			defaultConfigurationName = Release;
		};
/* End XCConfigurationList section */

/* Begin XCVersionGroup section */
		10F64C3E1BDFF486004BFEB7 /* SecondModel.xcdatamodeld */ = {
			isa = XCVersionGroup;
			children = (
				10F64C3F1BDFF486004BFEB7 /* SecondModel.xcdatamodel */,
			);
			currentVersion = 10F64C3F1BDFF486004BFEB7 /* SecondModel.xcdatamodel */;
			path = SecondModel.xcdatamodeld;
			sourceTree = "<group>";
			versionGroupType = wrapper.xcdatamodel;
		};
/* End XCVersionGroup section */
	};
	rootObject = 10F64C171BDFF402004BFEB7 /* Project object */;
}
